PODS:
  - app_links (6.4.1):
    - Flutter
  - device_info_plus (0.0.1):
    - Flutter
  - Flutter (1.0.0)
  - flutter_background_service_ios (0.0.3):
    - Flutter
  - flutter_carplay (1.1.0):
    - Flutter
  - flutter_local_notifications (0.0.1):
    - Flutter
  - flutter_native_splash (2.4.3):
    - Flutter
  - image_picker_ios (0.0.1):
    - Flutter
  - path_provider_foundation (0.0.1):
    - Flutter
    - FlutterMacOS
  - permission_handler_apple (9.4.8):
    - Flutter
  - printing (1.0.0):
    - Flutter
  - push (0.0.1):
    - Flutter
    - FlutterMacOS
  - shared_preferences_foundation (0.0.1):
    - Flutter
    - FlutterMacOS
  - url_launcher_ios (0.0.1):
    - Flutter
  - video_player_avfoundation (0.0.1):
    - Flutter
    - FlutterMacOS

DEPENDENCIES:
  - app_links (from `.symlinks/plugins/app_links/ios`)
  - device_info_plus (from `.symlinks/plugins/device_info_plus/ios`)
  - Flutter (from `Flutter`)
  - flutter_background_service_ios (from `.symlinks/plugins/flutter_background_service_ios/ios`)
  - flutter_carplay (from `.symlinks/plugins/flutter_carplay/ios`)
  - flutter_local_notifications (from `.symlinks/plugins/flutter_local_notifications/ios`)
  - flutter_native_splash (from `.symlinks/plugins/flutter_native_splash/ios`)
  - image_picker_ios (from `.symlinks/plugins/image_picker_ios/ios`)
  - path_provider_foundation (from `.symlinks/plugins/path_provider_foundation/darwin`)
  - permission_handler_apple (from `.symlinks/plugins/permission_handler_apple/ios`)
  - printing (from `.symlinks/plugins/printing/ios`)
  - push (from `.symlinks/plugins/push/darwin`)
  - shared_preferences_foundation (from `.symlinks/plugins/shared_preferences_foundation/darwin`)
  - url_launcher_ios (from `.symlinks/plugins/url_launcher_ios/ios`)
  - video_player_avfoundation (from `.symlinks/plugins/video_player_avfoundation/darwin`)

EXTERNAL SOURCES:
  app_links:
    :path: ".symlinks/plugins/app_links/ios"
  device_info_plus:
    :path: ".symlinks/plugins/device_info_plus/ios"
  Flutter:
    :path: Flutter
  flutter_background_service_ios:
    :path: ".symlinks/plugins/flutter_background_service_ios/ios"
  flutter_carplay:
    :path: ".symlinks/plugins/flutter_carplay/ios"
  flutter_local_notifications:
    :path: ".symlinks/plugins/flutter_local_notifications/ios"
  flutter_native_splash:
    :path: ".symlinks/plugins/flutter_native_splash/ios"
  image_picker_ios:
    :path: ".symlinks/plugins/image_picker_ios/ios"
  path_provider_foundation:
    :path: ".symlinks/plugins/path_provider_foundation/darwin"
  permission_handler_apple:
    :path: ".symlinks/plugins/permission_handler_apple/ios"
  printing:
    :path: ".symlinks/plugins/printing/ios"
  push:
    :path: ".symlinks/plugins/push/darwin"
  shared_preferences_foundation:
    :path: ".symlinks/plugins/shared_preferences_foundation/darwin"
  url_launcher_ios:
    :path: ".symlinks/plugins/url_launcher_ios/ios"
  video_player_avfoundation:
    :path: ".symlinks/plugins/video_player_avfoundation/darwin"

SPEC CHECKSUMS:
  app_links: 3dbc685f76b1693c66a6d9dd1e9ab6f73d97dc0a
  device_info_plus: 21fcca2080fbcd348be798aa36c3e5ed849eefbe
  Flutter: cabc95a1d2626b1b06e7179b784ebcf0c0cde467
  flutter_background_service_ios: 00d31bdff7b4bfe06d32375df358abe0329cf87e
  flutter_carplay: 95a5f21d70f079590ec6d566039ee46dee6cf16f
  flutter_local_notifications: ad39620c743ea4c15127860f4b5641649a988100
  flutter_native_splash: c32d145d68aeda5502d5f543ee38c192065986cf
  image_picker_ios: e0ece4aa2a75771a7de3fa735d26d90817041326
  path_provider_foundation: bb55f6dbba17d0dccd6737fe6f7f34fbd0376880
  permission_handler_apple: 92d754bbaa7361d436db2d6c3c1c2a0fdcec462e
  printing: 54ff03f28fe9ba3aa93358afb80a8595a071dd07
  push: 91373ae39c5341c6de6adefa3fda7f7287d646bf
  shared_preferences_foundation: 7036424c3d8ec98dfe75ff1667cb0cd531ec82bb
  url_launcher_ios: 7a95fa5b60cc718a708b8f2966718e93db0cef1b
  video_player_avfoundation: dd410b52df6d2466a42d28550e33e4146928280a

PODFILE CHECKSUM: bc447ae2407a757f935e15d6054d325de3746509

COCOAPODS: 1.16.2
